// !$*UTF8*$!
{
	archiveVersion = 1;
	classes = {
	};
	objectVersion = 55;
	objects = {

/* Begin PBXBuildFile section */
		D4CA13D22A9B940B005640E3 /* App & Scene Delegates.swift in Sources */ = {isa = PBXBuildFile; fileRef = D4CA13D12A9B940B005640E3 /* App & Scene Delegates.swift */; };
		D4CA13D62A9B940B005640E3 /* PrototypeVC.swift in Sources */ = {isa = PBXBuildFile; fileRef = D4CA13D52A9B940B005640E3 /* PrototypeVC.swift */; };
		D4CA13D92A9B940B005640E3 /* Main.storyboard in Resources */ = {isa = PBXBuildFile; fileRef = D4CA13D72A9B940B005640E3 /* Main.storyboard */; };
		D4CA13DB2A9B940C005640E3 /* Assets.xcassets in Resources */ = {isa = PBXBuildFile; fileRef = D4CA13DA2A9B940C005640E3 /* Assets.xcassets */; };
		D4CA13DE2A9B940D005640E3 /* LaunchScreen.storyboard in Resources */ = {isa = PBXBuildFile; fileRef = D4CA13DC2A9B940D005640E3 /* LaunchScreen.storyboard */; };
		D4CA13EA2A9B951B005640E3 /* MainVC.swift in Sources */ = {isa = PBXBuildFile; fileRef = D4CA13E92A9B951B005640E3 /* MainVC.swift */; };
		D4CA13EC2A9B95E6005640E3 /* AppStoreScraper.swift in Sources */ = {isa = PBXBuildFile; fileRef = D4CA13EB2A9B95E6005640E3 /* AppStoreScraper.swift */; };
		D4CA13EF2A9B9EBB005640E3 /* SwiftSoup in Frameworks */ = {isa = PBXBuildFile; productRef = D4CA13EE2A9B9EBB005640E3 /* SwiftSoup */; };
		D4CA13F12A9BA261005640E3 /* AppInfo.swift in Sources */ = {isa = PBXBuildFile; fileRef = D4CA13F02A9BA261005640E3 /* AppInfo.swift */; };
		D4CA13F42A9BA6BA005640E3 /* AlamofireImage in Frameworks */ = {isa = PBXBuildFile; productRef = D4CA13F32A9BA6BA005640E3 /* AlamofireImage */; };
/* End PBXBuildFile section */

/* Begin PBXFileReference section */
		D4CA13CE2A9B940B005640E3 /* App Store Buddy.app */ = {isa = PBXFileReference; explicitFileType = wrapper.application; includeInIndex = 0; path = "App Store Buddy.app"; sourceTree = BUILT_PRODUCTS_DIR; };
		D4CA13D12A9B940B005640E3 /* App & Scene Delegates.swift */ = {isa = PBXFileReference; lastKnownFileType = sourcecode.swift; path = "App & Scene Delegates.swift"; sourceTree = "<group>"; };
		D4CA13D52A9B940B005640E3 /* PrototypeVC.swift */ = {isa = PBXFileReference; lastKnownFileType = sourcecode.swift; path = PrototypeVC.swift; sourceTree = "<group>"; };
		D4CA13D82A9B940B005640E3 /* Base */ = {isa = PBXFileReference; lastKnownFileType = file.storyboard; name = Base; path = Base.lproj/Main.storyboard; sourceTree = "<group>"; };
		D4CA13DA2A9B940C005640E3 /* Assets.xcassets */ = {isa = PBXFileReference; lastKnownFileType = folder.assetcatalog; path = Assets.xcassets; sourceTree = "<group>"; };
		D4CA13DD2A9B940D005640E3 /* Base */ = {isa = PBXFileReference; lastKnownFileType = file.storyboard; name = Base; path = Base.lproj/LaunchScreen.storyboard; sourceTree = "<group>"; };
		D4CA13DF2A9B940D005640E3 /* Info.plist */ = {isa = PBXFileReference; lastKnownFileType = text.plist.xml; path = Info.plist; sourceTree = "<group>"; };
		D4CA13E92A9B951B005640E3 /* MainVC.swift */ = {isa = PBXFileReference; lastKnownFileType = sourcecode.swift; path = MainVC.swift; sourceTree = "<group>"; };
		D4CA13EB2A9B95E6005640E3 /* AppStoreScraper.swift */ = {isa = PBXFileReference; lastKnownFileType = sourcecode.swift; path = AppStoreScraper.swift; sourceTree = "<group>"; };
		D4CA13F02A9BA261005640E3 /* AppInfo.swift */ = {isa = PBXFileReference; lastKnownFileType = sourcecode.swift; path = AppInfo.swift; sourceTree = "<group>"; };
/* End PBXFileReference section */

/* Begin PBXFrameworksBuildPhase section */
		D4CA13CB2A9B940B005640E3 /* Frameworks */ = {
			isa = PBXFrameworksBuildPhase;
			buildActionMask = 2147483647;
			files = (
				D4CA13EF2A9B9EBB005640E3 /* SwiftSoup in Frameworks */,
				D4CA13F42A9BA6BA005640E3 /* AlamofireImage in Frameworks */,
			);
			runOnlyForDeploymentPostprocessing = 0;
		};
/* End PBXFrameworksBuildPhase section */

/* Begin PBXGroup section */
		D4CA13C52A9B940B005640E3 = {
			isa = PBXGroup;
			children = (
				D4CA13D02A9B940B005640E3 /* App Store Buddy */,
				D4CA13CF2A9B940B005640E3 /* Products */,
			);
			sourceTree = "<group>";
		};
		D4CA13CF2A9B940B005640E3 /* Products */ = {
			isa = PBXGroup;
			children = (
				D4CA13CE2A9B940B005640E3 /* App Store Buddy.app */,
			);
			name = Products;
			sourceTree = "<group>";
		};
		D4CA13D02A9B940B005640E3 /* App Store Buddy */ = {
			isa = PBXGroup;
			children = (
				D4CA13E82A9B94C1005640E3 /* Models */,
				D4CA13E72A9B94BF005640E3 /* Views */,
				D4CA13E62A9B94BD005640E3 /* Controllers */,
				D4CA13E52A9B94BA005640E3 /* Resources */,
			);
			path = "App Store Buddy";
			sourceTree = "<group>";
		};
		D4CA13E52A9B94BA005640E3 /* Resources */ = {
			isa = PBXGroup;
			children = (
				D4CA13DF2A9B940D005640E3 /* Info.plist */,
				D4CA13DA2A9B940C005640E3 /* Assets.xcassets */,
			);
			path = Resources;
			sourceTree = "<group>";
		};
		D4CA13E62A9B94BD005640E3 /* Controllers */ = {
			isa = PBXGroup;
			children = (
				D4CA13D12A9B940B005640E3 /* App & Scene Delegates.swift */,
				D4CA13E92A9B951B005640E3 /* MainVC.swift */,
			);
			path = Controllers;
			sourceTree = "<group>";
		};
		D4CA13E72A9B94BF005640E3 /* Views */ = {
			isa = PBXGroup;
			children = (
				D4CA13DC2A9B940D005640E3 /* LaunchScreen.storyboard */,
				D4CA13D72A9B940B005640E3 /* Main.storyboard */,
			);
			path = Views;
			sourceTree = "<group>";
		};
		D4CA13E82A9B94C1005640E3 /* Models */ = {
			isa = PBXGroup;
			children = (
				D4CA13D52A9B940B005640E3 /* PrototypeVC.swift */,
				D4CA13EB2A9B95E6005640E3 /* AppStoreScraper.swift */,
				D4CA13F02A9BA261005640E3 /* AppInfo.swift */,
			);
			path = Models;
			sourceTree = "<group>";
		};
/* End PBXGroup section */

/* Begin PBXNativeTarget section */
		D4CA13CD2A9B940B005640E3 /* App Store Buddy */ = {
			isa = PBXNativeTarget;
			buildConfigurationList = D4CA13E22A9B940D005640E3 /* Build configuration list for PBXNativeTarget "App Store Buddy" */;
			buildPhases = (
				D4CA13CA2A9B940B005640E3 /* Sources */,
				D4CA13CB2A9B940B005640E3 /* Frameworks */,
				D4CA13CC2A9B940B005640E3 /* Resources */,
			);
			buildRules = (
			);
			dependencies = (
			);
			name = "App Store Buddy";
			packageProductDependencies = (
				D4CA13EE2A9B9EBB005640E3 /* SwiftSoup */,
				D4CA13F32A9BA6BA005640E3 /* AlamofireImage */,
			);
			productName = "App Store Buddy";
			productReference = D4CA13CE2A9B940B005640E3 /* App Store Buddy.app */;
			productType = "com.apple.product-type.application";
		};
/* End PBXNativeTarget section */

/* Begin PBXProject section */
		D4CA13C62A9B940B005640E3 /* Project object */ = {
			isa = PBXProject;
			attributes = {
				BuildIndependentTargetsInParallel = 1;
				LastSwiftUpdateCheck = 1320;
				LastUpgradeCheck = 1320;
				TargetAttributes = {
					D4CA13CD2A9B940B005640E3 = {
						CreatedOnToolsVersion = 13.2.1;
					};
				};
			};
			buildConfigurationList = D4CA13C92A9B940B005640E3 /* Build configuration list for PBXProject "App Store Buddy" */;
			compatibilityVersion = "Xcode 13.0";
			developmentRegion = en;
			hasScannedForEncodings = 0;
			knownRegions = (
				en,
				Base,
			);
			mainGroup = D4CA13C52A9B940B005640E3;
			packageReferences = (
				D4CA13ED2A9B9EBB005640E3 /* XCRemoteSwiftPackageReference "SwiftSoup" */,
				D4CA13F22A9BA6BA005640E3 /* XCRemoteSwiftPackageReference "AlamofireImage" */,
			);
			productRefGroup = D4CA13CF2A9B940B005640E3 /* Products */;
			projectDirPath = "";
			projectRoot = "";
			targets = (
				D4CA13CD2A9B940B005640E3 /* App Store Buddy */,
			);
		};
/* End PBXProject section */

/* Begin PBXResourcesBuildPhase section */
		D4CA13CC2A9B940B005640E3 /* Resources */ = {
			isa = PBXResourcesBuildPhase;
			buildActionMask = 2147483647;
			files = (
				D4CA13DE2A9B940D005640E3 /* LaunchScreen.storyboard in Resources */,
				D4CA13DB2A9B940C005640E3 /* Assets.xcassets in Resources */,
				D4CA13D92A9B940B005640E3 /* Main.storyboard in Resources */,
			);
			runOnlyForDeploymentPostprocessing = 0;
		};
/* End PBXResourcesBuildPhase section */

/* Begin PBXSourcesBuildPhase section */
		D4CA13CA2A9B940B005640E3 /* Sources */ = {
			isa = PBXSourcesBuildPhase;
			buildActionMask = 2147483647;
			files = (
				D4CA13EC2A9B95E6005640E3 /* AppStoreScraper.swift in Sources */,
				D4CA13F12A9BA261005640E3 /* AppInfo.swift in Sources */,
				D4CA13D62A9B940B005640E3 /* PrototypeVC.swift in Sources */,
				D4CA13EA2A9B951B005640E3 /* MainVC.swift in Sources */,
				D4CA13D22A9B940B005640E3 /* App & Scene Delegates.swift in Sources */,
			);
			runOnlyForDeploymentPostprocessing = 0;
		};
/* End PBXSourcesBuildPhase section */

/* Begin PBXVariantGroup section */
		D4CA13D72A9B940B005640E3 /* Main.storyboard */ = {
			isa = PBXVariantGroup;
			children = (
				D4CA13D82A9B940B005640E3 /* Base */,
			);
			name = Main.storyboard;
			sourceTree = "<group>";
		};
		D4CA13DC2A9B940D005640E3 /* LaunchScreen.storyboard */ = {
			isa = PBXVariantGroup;
			children = (
				D4CA13DD2A9B940D005640E3 /* Base */,
			);
			name = LaunchScreen.storyboard;
			sourceTree = "<group>";
		};
/* End PBXVariantGroup section */

/* Begin XCBuildConfiguration section */
		D4CA13E02A9B940D005640E3 /* Debug */ = {
			isa = XCBuildConfiguration;
			buildSettings = {
				ALWAYS_SEARCH_USER_PATHS = NO;
				CLANG_ANALYZER_NONNULL = YES;
				CLANG_ANALYZER_NUMBER_OBJECT_CONVERSION = YES_AGGRESSIVE;
				CLANG_CXX_LANGUAGE_STANDARD = "gnu++17";
				CLANG_CXX_LIBRARY = "libc++";
				CLANG_ENABLE_MODULES = YES;
				CLANG_ENABLE_OBJC_ARC = YES;
				CLANG_ENABLE_OBJC_WEAK = YES;
				CLANG_WARN_BLOCK_CAPTURE_AUTORELEASING = YES;
				CLANG_WARN_BOOL_CONVERSION = YES;
				CLANG_WARN_COMMA = YES;
				CLANG_WARN_CONSTANT_CONVERSION = YES;
				CLANG_WARN_DEPRECATED_OBJC_IMPLEMENTATIONS = YES;
				CLANG_WARN_DIRECT_OBJC_ISA_USAGE = YES_ERROR;
				CLANG_WARN_DOCUMENTATION_COMMENTS = YES;
				CLANG_WARN_EMPTY_BODY = YES;
				CLANG_WARN_ENUM_CONVERSION = YES;
				CLANG_WARN_INFINITE_RECURSION = YES;
				CLANG_WARN_INT_CONVERSION = YES;
				CLANG_WARN_NON_LITERAL_NULL_CONVERSION = YES;
				CLANG_WARN_OBJC_IMPLICIT_RETAIN_SELF = YES;
				CLANG_WARN_OBJC_LITERAL_CONVERSION = YES;
				CLANG_WARN_OBJC_ROOT_CLASS = YES_ERROR;
				CLANG_WARN_QUOTED_INCLUDE_IN_FRAMEWORK_HEADER = YES;
				CLANG_WARN_RANGE_LOOP_ANALYSIS = YES;
				CLANG_WARN_STRICT_PROTOTYPES = YES;
				CLANG_WARN_SUSPICIOUS_MOVE = YES;
				CLANG_WARN_UNGUARDED_AVAILABILITY = YES_AGGRESSIVE;
				CLANG_WARN_UNREACHABLE_CODE = YES;
				CLANG_WARN__DUPLICATE_METHOD_MATCH = YES;
				COPY_PHASE_STRIP = NO;
				DEBUG_INFORMATION_FORMAT = dwarf;
				ENABLE_STRICT_OBJC_MSGSEND = YES;
				ENABLE_TESTABILITY = YES;
				GCC_C_LANGUAGE_STANDARD = gnu11;
				GCC_DYNAMIC_NO_PIC = NO;
				GCC_NO_COMMON_BLOCKS = YES;
				GCC_OPTIMIZATION_LEVEL = 0;
				GCC_PREPROCESSOR_DEFINITIONS = (
					"DEBUG=1",
					"$(inherited)",
				);
				GCC_WARN_64_TO_32_BIT_CONVERSION = YES;
				GCC_WARN_ABOUT_RETURN_TYPE = YES_ERROR;
				GCC_WARN_UNDECLARED_SELECTOR = YES;
				GCC_WARN_UNINITIALIZED_AUTOS = YES_AGGRESSIVE;
				GCC_WARN_UNUSED_FUNCTION = YES;
				GCC_WARN_UNUSED_VARIABLE = YES;
				IPHONEOS_DEPLOYMENT_TARGET = 15.2;
				MTL_ENABLE_DEBUG_INFO = INCLUDE_SOURCE;
				MTL_FAST_MATH = YES;
				ONLY_ACTIVE_ARCH = YES;
				SDKROOT = iphoneos;
				SWIFT_ACTIVE_COMPILATION_CONDITIONS = DEBUG;
				SWIFT_OPTIMIZATION_LEVEL = "-Onone";
			};
			name = Debug;
		};
		D4CA13E12A9B940D005640E3 /* Release */ = {
			isa = XCBuildConfiguration;
			buildSettings = {
				ALWAYS_SEARCH_USER_PATHS = NO;
				CLANG_ANALYZER_NONNULL = YES;
				CLANG_ANALYZER_NUMBER_OBJECT_CONVERSION = YES_AGGRESSIVE;
				CLANG_CXX_LANGUAGE_STANDARD = "gnu++17";
				CLANG_CXX_LIBRARY = "libc++";
				CLANG_ENABLE_MODULES = YES;
				CLANG_ENABLE_OBJC_ARC = YES;
				CLANG_ENABLE_OBJC_WEAK = YES;
				CLANG_WARN_BLOCK_CAPTURE_AUTORELEASING = YES;
				CLANG_WARN_BOOL_CONVERSION = YES;
				CLANG_WARN_COMMA = YES;
				CLANG_WARN_CONSTANT_CONVERSION = YES;
				CLANG_WARN_DEPRECATED_OBJC_IMPLEMENTATIONS = YES;
				CLANG_WARN_DIRECT_OBJC_ISA_USAGE = YES_ERROR;
				CLANG_WARN_DOCUMENTATION_COMMENTS = YES;
				CLANG_WARN_EMPTY_BODY = YES;
				CLANG_WARN_ENUM_CONVERSION = YES;
				CLANG_WARN_INFINITE_RECURSION = YES;
				CLANG_WARN_INT_CONVERSION = YES;
				CLANG_WARN_NON_LITERAL_NULL_CONVERSION = YES;
				CLANG_WARN_OBJC_IMPLICIT_RETAIN_SELF = YES;
				CLANG_WARN_OBJC_LITERAL_CONVERSION = YES;
				CLANG_WARN_OBJC_ROOT_CLASS = YES_ERROR;
				CLANG_WARN_QUOTED_INCLUDE_IN_FRAMEWORK_HEADER = YES;
				CLANG_WARN_RANGE_LOOP_ANALYSIS = YES;
				CLANG_WARN_STRICT_PROTOTYPES = YES;
				CLANG_WARN_SUSPICIOUS_MOVE = YES;
				CLANG_WARN_UNGUARDED_AVAILABILITY = YES_AGGRESSIVE;
				CLANG_WARN_UNREACHABLE_CODE = YES;
				CLANG_WARN__DUPLICATE_METHOD_MATCH = YES;
				COPY_PHASE_STRIP = NO;
				DEBUG_INFORMATION_FORMAT = "dwarf-with-dsym";
				ENABLE_NS_ASSERTIONS = NO;
				ENABLE_STRICT_OBJC_MSGSEND = YES;
				GCC_C_LANGUAGE_STANDARD = gnu11;
				GCC_NO_COMMON_BLOCKS = YES;
				GCC_WARN_64_TO_32_BIT_CONVERSION = YES;
				GCC_WARN_ABOUT_RETURN_TYPE = YES_ERROR;
				GCC_WARN_UNDECLARED_SELECTOR = YES;
				GCC_WARN_UNINITIALIZED_AUTOS = YES_AGGRESSIVE;
				GCC_WARN_UNUSED_FUNCTION = YES;
				GCC_WARN_UNUSED_VARIABLE = YES;
				IPHONEOS_DEPLOYMENT_TARGET = 15.2;
				MTL_ENABLE_DEBUG_INFO = NO;
				MTL_FAST_MATH = YES;
				SDKROOT = iphoneos;
				SWIFT_COMPILATION_MODE = wholemodule;
				SWIFT_OPTIMIZATION_LEVEL = "-O";
				VALIDATE_PRODUCT = YES;
			};
			name = Release;
		};
		D4CA13E32A9B940D005640E3 /* Debug */ = {
			isa = XCBuildConfiguration;
			buildSettings = {
				ASSETCATALOG_COMPILER_APPICON_NAME = AppIcon;
				ASSETCATALOG_COMPILER_GLOBAL_ACCENT_COLOR_NAME = AccentColor;
				CODE_SIGN_STYLE = Automatic;
				CURRENT_PROJECT_VERSION = 1.0.0;
				DEVELOPMENT_TEAM = 9MM84DTNX7;
				GENERATE_INFOPLIST_FILE = YES;
				INFOPLIST_FILE = "App Store Buddy/Resources/Info.plist";
				INFOPLIST_KEY_CFBundleDisplayName = ASB;
				INFOPLIST_KEY_UIApplicationSupportsIndirectInputEvents = YES;
				INFOPLIST_KEY_UILaunchStoryboardName = LaunchScreen;
				INFOPLIST_KEY_UIMainStoryboardFile = Main;
				INFOPLIST_KEY_UISupportedInterfaceOrientations_iPad = "UIInterfaceOrientationPortrait UIInterfaceOrientationPortraitUpsideDown UIInterfaceOrientationLandscapeLeft UIInterfaceOrientationLandscapeRight";
				INFOPLIST_KEY_UISupportedInterfaceOrientations_iPhone = "UIInterfaceOrientationPortrait UIInterfaceOrientationLandscapeLeft UIInterfaceOrientationLandscapeRight";
				IPHONEOS_DEPLOYMENT_TARGET = 13.0;
				LD_RUNPATH_SEARCH_PATHS = (
					"$(inherited)",
					"@executable_path/Frameworks",
				);
				MARKETING_VERSION = 1.0.0;
				PRODUCT_BUNDLE_IDENTIFIER = "com.yusif-programmer.App-Store-Buddy";
				PRODUCT_NAME = "$(TARGET_NAME)";
				SWIFT_EMIT_LOC_STRINGS = YES;
				SWIFT_VERSION = 5.0;
				TARGETED_DEVICE_FAMILY = 1;
			};
			name = Debug;
		};
		D4CA13E42A9B940D005640E3 /* Release */ = {
			isa = XCBuildConfiguration;
			buildSettings = {
				ASSETCATALOG_COMPILER_APPICON_NAME = AppIcon;
				ASSETCATALOG_COMPILER_GLOBAL_ACCENT_COLOR_NAME = AccentColor;
				CODE_SIGN_STYLE = Automatic;
				CURRENT_PROJECT_VERSION = 1.0.0;
				DEVELOPMENT_TEAM = 9MM84DTNX7;
				GENERATE_INFOPLIST_FILE = YES;
				INFOPLIST_FILE = "App Store Buddy/Resources/Info.plist";
				INFOPLIST_KEY_CFBundleDisplayName = ASB;
				INFOPLIST_KEY_UIApplicationSupportsIndirectInputEvents = YES;
				INFOPLIST_KEY_UILaunchStoryboardName = LaunchScreen;
				INFOPLIST_KEY_UIMainStoryboardFile = Main;
				INFOPLIST_KEY_UISupportedInterfaceOrientations_iPad = "UIInterfaceOrientationPortrait UIInterfaceOrientationPortraitUpsideDown UIInterfaceOrientationLandscapeLeft UIInterfaceOrientationLandscapeRight";
				INFOPLIST_KEY_UISupportedInterfaceOrientations_iPhone = "UIInterfaceOrientationPortrait UIInterfaceOrientationLandscapeLeft UIInterfaceOrientationLandscapeRight";
				IPHONEOS_DEPLOYMENT_TARGET = 13.0;
				LD_RUNPATH_SEARCH_PATHS = (
					"$(inherited)",
					"@executable_path/Frameworks",
				);
				MARKETING_VERSION = 1.0.0;
				PRODUCT_BUNDLE_IDENTIFIER = "com.yusif-programmer.App-Store-Buddy";
				PRODUCT_NAME = "$(TARGET_NAME)";
				SWIFT_EMIT_LOC_STRINGS = YES;
				SWIFT_VERSION = 5.0;
				TARGETED_DEVICE_FAMILY = 1;
			};
			name = Release;
		};
/* End XCBuildConfiguration section */

/* Begin XCConfigurationList section */
		D4CA13C92A9B940B005640E3 /* Build configuration list for PBXProject "App Store Buddy" */ = {
			isa = XCConfigurationList;
			buildConfigurations = (
				D4CA13E02A9B940D005640E3 /* Debug */,
				D4CA13E12A9B940D005640E3 /* Release */,
			);
			defaultConfigurationIsVisible = 0;
			defaultConfigurationName = Release;
		};
		D4CA13E22A9B940D005640E3 /* Build configuration list for PBXNativeTarget "App Store Buddy" */ = {
			isa = XCConfigurationList;
			buildConfigurations = (
				D4CA13E32A9B940D005640E3 /* Debug */,
				D4CA13E42A9B940D005640E3 /* Release */,
			);
			defaultConfigurationIsVisible = 0;
			defaultConfigurationName = Release;
		};
/* End XCConfigurationList section */

/* Begin XCRemoteSwiftPackageReference section */
		D4CA13ED2A9B9EBB005640E3 /* XCRemoteSwiftPackageReference "SwiftSoup" */ = {
			isa = XCRemoteSwiftPackageReference;
			repositoryURL = "https://github.com/scinfu/SwiftSoup";
			requirement = {
				kind = exactVersion;
				version = 1.7.4;
			};
		};
		D4CA13F22A9BA6BA005640E3 /* XCRemoteSwiftPackageReference "AlamofireImage" */ = {
			isa = XCRemoteSwiftPackageReference;
			repositoryURL = "https://github.com/Alamofire/AlamofireImage";
			requirement = {
				kind = upToNextMajorVersion;
				minimumVersion = 4.0.0;
			};
		};
/* End XCRemoteSwiftPackageReference section */

/* Begin XCSwiftPackageProductDependency section */
		D4CA13EE2A9B9EBB005640E3 /* SwiftSoup */ = {
			isa = XCSwiftPackageProductDependency;
			package = D4CA13ED2A9B9EBB005640E3 /* XCRemoteSwiftPackageReference "SwiftSoup" */;
			productName = SwiftSoup;
		};
		D4CA13F32A9BA6BA005640E3 /* AlamofireImage */ = {
			isa = XCSwiftPackageProductDependency;
			package = D4CA13F22A9BA6BA005640E3 /* XCRemoteSwiftPackageReference "AlamofireImage" */;
			productName = AlamofireImage;
		};
/* End XCSwiftPackageProductDependency section */
	};
	rootObject = D4CA13C62A9B940B005640E3 /* Project object */;
}
